Microsoft Visual Studio Solution File, Format Version 12.00
# Visual Studio Version 17
VisualStudioVersion = 17.5.2.0
MinimumVisualStudioVersion = 10.0.40219.1
Project("{FAE04EC0-301F-11D3-BF4B-00C04F79EFBC}") = "Spacehub.Application", "Spacehub.Application\Spacehub.Application.csproj", "{2746895C-674D-6504-9613-3E30F226A1D0}"
EndProject
Project("{FAE04EC0-301F-11D3-BF4B-00C04F79EFBC}") = "Spacehub.tests", "Spacehub.Tests\spacehub.tests.csproj", "{CE2F7542-A81F-4EA9-9959-37C8EF0B8BA3}"
EndProject
Global
	GlobalSection(SolutionConfigurationPlatforms) = preSolution
		Debug|Any CPU = Debug|Any CPU
		Release|Any CPU = Release|Any CPU
	EndGlobalSection
	GlobalSection(ProjectConfigurationPlatforms) = postSolution
		{2746895C-674D-6504-9613-3E30F226A1D0}.Debug|Any CPU.ActiveCfg = Debug|Any CPU
		{2746895C-674D-6504-9613-3E30F226A1D0}.Debug|Any CPU.Build.0 = Debug|Any CPU
		{2746895C-674D-6504-9613-3E30F226A1D0}.Release|Any CPU.ActiveCfg = Release|Any CPU
		{2746895C-674D-6504-9613-3E30F226A1D0}.Release|Any CPU.Build.0 = Release|Any CPU
		{CE2F7542-A81F-4EA9-9959-37C8EF0B8BA3}.Debug|Any CPU.ActiveCfg = Debug|Any CPU
		{CE2F7542-A81F-4EA9-9959-37C8EF0B8BA3}.Debug|Any CPU.Build.0 = Debug|Any CPU
		{CE2F7542-A81F-4EA9-9959-37C8EF0B8BA3}.Release|Any CPU.ActiveCfg = Release|Any CPU
		{CE2F7542-A81F-4EA9-9959-37C8EF0B8BA3}.Release|Any CPU.Build.0 = Release|Any CPU
	EndGlobalSection
	GlobalSection(SolutionProperties) = preSolution
		HideSolutionNode = FALSE
	EndGlobalSection
	GlobalSection(ExtensibilityGlobals) = postSolution
		SolutionGuid = {47C94CFA-5143-45C7-BE4B-34D770B055A2}
	EndGlobalSection
EndGlobal
